github.com/yeka/zip v0.0.0-20231116150916-03d6312748a9 h1:K8gF0eekWPEX+57l30ixxzGhHH/qscI3JCnuhbN6V4M=
github.com/yeka/zip v0.0.0-20231116150916-03d6312748a9/go.mod h1:9BnoKCcgJ/+SLhfAXj15352hTOuVmG5Gzo8xNRINfqI=
golang.org/x/crypto v0.29.0 h1:L5SG1JTTXupVV3n6sUqMTeWbjAyfPwoda2DLX8J8FrQ=
golang.org/x/crypto v0.29.0/go.mod h1:+F4F4N5hv6v38hfeYwTdx20oUvLLc+QfrE9Ax9HtgRg=
